
Microsoft Visual Studio Solution File, Format Version 9.00
# Visual Studio 2005
Project("{8BC9CEB8-8B4A-11D0-8D11-00A0C91BC942}") = "ExplorerPassword", "ExplorerPassword\ExplorerPassword.vcproj", "{C2BD8A14-155C-495F-8DBC-BDC8652C026E}"
EndProject
Global
	GlobalSection(SolutionConfigurationPlatforms) = preSolution
		Debug|Win32 = Debug|Win32
		Release|Win32 = Release|Win32
	EndGlobalSection
	GlobalSection(ProjectConfigurationPlatforms) = postSolution
		{C2BD8A14-155C-495F-8DBC-BDC8652C026E}.Debug|Win32.ActiveCfg = Debug|Win32
		{C2BD8A14-155C-495F-8DBC-BDC8652C026E}.Debug|Win32.Build.0 = Debug|Win32
		{C2BD8A14-155C-495F-8DBC-BDC8652C026E}.Release|Win32.ActiveCfg = Release|Win32
		{C2BD8A14-155C-495F-8DBC-BDC8652C026E}.Release|Win32.Build.0 = Release|Win32
	EndGlobalSection
	GlobalSection(SolutionProperties) = preSolution
		HideSolutionNode = FALSE
	EndGlobalSection
EndGlobal
